
Microsoft Visual Studio Solution File, Format Version 12.00
# Visual Studio Version 16
VisualStudioVersion = 16.0.30413.136
MinimumVisualStudioVersion = 10.0.40219.1
Project("{FAE04EC0-301F-11D3-BF4B-00C04F79EFBC}") = "Basics", "Basics\Basics.csproj", "{897B917D-1726-424B-81C4-C569136F2B7F}"
EndProject
Project("{FAE04EC0-301F-11D3-BF4B-00C04F79EFBC}") = "IdentityExample", "IdentityExample\IdentityExample.csproj", "{42DA79E7-2BF4-46C4-8178-CE1FC34F69C2}"
EndProject
Project("{FAE04EC0-301F-11D3-BF4B-00C04F79EFBC}") = "Server", "Server\Server.csproj", "{3E755274-0DCC-431B-A497-35FA3F5D0722}"
EndProject
Global
	GlobalSection(SolutionConfigurationPlatforms) = preSolution
		Debug|Any CPU = Debug|Any CPU
		Release|Any CPU = Release|Any CPU
	EndGlobalSection
	GlobalSection(ProjectConfigurationPlatforms) = postSolution
		{897B917D-1726-424B-81C4-C569136F2B7F}.Debug|Any CPU.ActiveCfg = Debug|Any CPU
		{897B917D-1726-424B-81C4-C569136F2B7F}.Debug|Any CPU.Build.0 = Debug|Any CPU
		{897B917D-1726-424B-81C4-C569136F2B7F}.Release|Any CPU.ActiveCfg = Release|Any CPU
		{897B917D-1726-424B-81C4-C569136F2B7F}.Release|Any CPU.Build.0 = Release|Any CPU
		{42DA79E7-2BF4-46C4-8178-CE1FC34F69C2}.Debug|Any CPU.ActiveCfg = Debug|Any CPU
		{42DA79E7-2BF4-46C4-8178-CE1FC34F69C2}.Debug|Any CPU.Build.0 = Debug|Any CPU
		{42DA79E7-2BF4-46C4-8178-CE1FC34F69C2}.Release|Any CPU.ActiveCfg = Release|Any CPU
		{42DA79E7-2BF4-46C4-8178-CE1FC34F69C2}.Release|Any CPU.Build.0 = Release|Any CPU
		{3E755274-0DCC-431B-A497-35FA3F5D0722}.Debug|Any CPU.ActiveCfg = Debug|Any CPU
		{3E755274-0DCC-431B-A497-35FA3F5D0722}.Debug|Any CPU.Build.0 = Debug|Any CPU
		{3E755274-0DCC-431B-A497-35FA3F5D0722}.Release|Any CPU.ActiveCfg = Release|Any CPU
		{3E755274-0DCC-431B-A497-35FA3F5D0722}.Release|Any CPU.Build.0 = Release|Any CPU
	EndGlobalSection
	GlobalSection(SolutionProperties) = preSolution
		HideSolutionNode = FALSE
	EndGlobalSection
	GlobalSection(ExtensibilityGlobals) = postSolution
		SolutionGuid = {D45BC51F-3B83-4C4B-9613-3B713E613108}
	EndGlobalSection
EndGlobal
